
Microsoft Visual Studio Solution File, Format Version 12.00
# Visual Studio Version 16
VisualStudioVersion = 16.0.31025.194
MinimumVisualStudioVersion = 10.0.40219.1
Project("{9A19103F-16F7-4668-BE54-9A1E7A4F7556}") = "MyFirstWebsite", "MyFirstWebsite\MyFirstWebsite.csproj", "{53C03224-3349-47AC-86A2-234B1B776E32}"
EndProject
Global
	GlobalSection(SolutionConfigurationPlatforms) = preSolution
		Debug|Any CPU = Debug|Any CPU
		Release|Any CPU = Release|Any CPU
	EndGlobalSection
	GlobalSection(ProjectConfigurationPlatforms) = postSolution
		{53C03224-3349-47AC-86A2-234B1B776E32}.Debug|Any CPU.ActiveCfg = Debug|Any CPU
		{53C03224-3349-47AC-86A2-234B1B776E32}.Debug|Any CPU.Build.0 = Debug|Any CPU
		{53C03224-3349-47AC-86A2-234B1B776E32}.Release|Any CPU.ActiveCfg = Release|Any CPU
		{53C03224-3349-47AC-86A2-234B1B776E32}.Release|Any CPU.Build.0 = Release|Any CPU
	EndGlobalSection
	GlobalSection(SolutionProperties) = preSolution
		HideSolutionNode = FALSE
	EndGlobalSection
	GlobalSection(ExtensibilityGlobals) = postSolution
		SolutionGuid = {4151F5B1-DAAB-42F4-AF49-0B3EDDE7BC9D}
	EndGlobalSection
EndGlobal
